
Microsoft Visual Studio Solution File, Format Version 12.00
# Visual Studio Version 17
VisualStudioVersion = 17.0.31903.59
MinimumVisualStudioVersion = 10.0.40219.1
Project("{2150E333-8FDC-42A3-9474-1A3956D46DE8}") = "Cart", "Cart", "{22E849D3-93F4-46A3-A60B-09CF0870F2BA}"
EndProject
Project("{2150E333-8FDC-42A3-9474-1A3956D46DE8}") = "Products", "Products", "{AA0B455C-FA91-427E-A019-30E44D5DCE00}"
EndProject
Project("{2150E333-8FDC-42A3-9474-1A3956D46DE8}") = "Reports", "Reports", "{6DF5DEDE-42E5-4D5E-A1E0-6C13D11A736F}"
EndProject
Project("{FAE04EC0-301F-11D3-BF4B-00C04F79EFBC}") = "WebService", "WebService\WebService.csproj", "{48693AA3-25F7-41A1-8150-C729185A2BD5}"
EndProject
Project("{2150E333-8FDC-42A3-9474-1A3956D46DE8}") = "Core", "Core", "{A8C5900B-9C08-438A-BE88-F7679C1AA675}"
EndProject
Project("{FAE04EC0-301F-11D3-BF4B-00C04F79EFBC}") = "Core.CommandHandlers", "Core\Core.CommandHandlers\Core.CommandHandlers.csproj", "{36A8CBD6-F560-46D5-AC86-0E0164C4ED7A}"
EndProject
Project("{FAE04EC0-301F-11D3-BF4B-00C04F79EFBC}") = "Core.Commands", "Core\Core.Commands\Core.Commands.csproj", "{58F2721A-34DE-4686-A38B-E421616AC3D9}"
EndProject
Project("{FAE04EC0-301F-11D3-BF4B-00C04F79EFBC}") = "Core.Queries", "Core\Core.Queries\Core.Queries.csproj", "{A12EAD3A-45B7-4CDB-A2B7-21BDBD65CA19}"
EndProject
Project("{FAE04EC0-301F-11D3-BF4B-00C04F79EFBC}") = "Core.QueryHandlers", "Core\Core.QueryHandlers\Core.QueryHandlers.csproj", "{914D2676-6F48-4F1F-B02D-A5B535111E7B}"
EndProject
Project("{FAE04EC0-301F-11D3-BF4B-00C04F79EFBC}") = "Core.Entities", "Core\Core.Entities\Core.Entities.csproj", "{6C204CDB-7630-40B8-9A3B-89B0EBC9DB5B}"
EndProject
Project("{FAE04EC0-301F-11D3-BF4B-00C04F79EFBC}") = "Core.Services", "Core\Core.Services\Core.Services.csproj", "{48919F98-0649-4AB8-B3E3-EBE32E29D252}"
EndProject
Project("{FAE04EC0-301F-11D3-BF4B-00C04F79EFBC}") = "Core.Shared", "Core\Core.Shared\Core.Shared.csproj", "{A9DC4697-BB46-4538-AF3F-3F13AFD5DF1C}"
EndProject
Project("{FAE04EC0-301F-11D3-BF4B-00C04F79EFBC}") = "Products.Commands", "Products\Product.Commands\Products.Commands.csproj", "{333BAE9B-91E1-4163-B6C3-CD39F45F18B1}"
EndProject
Project("{FAE04EC0-301F-11D3-BF4B-00C04F79EFBC}") = "Products.CommandHandlers", "Products\Product.CommnadHandlers\Products.CommandHandlers.csproj", "{21E644E6-1572-474B-ABBD-4BE3E7075CEA}"
EndProject
Project("{FAE04EC0-301F-11D3-BF4B-00C04F79EFBC}") = "Products.Queries", "Products\Products.Queries\Products.Queries.csproj", "{8F3E3271-0D5E-4E87-8DC5-294DCA837C38}"
EndProject
Project("{FAE04EC0-301F-11D3-BF4B-00C04F79EFBC}") = "Products.QueryHandlers", "Products\Products.QueryHandlers\Products.QueryHandlers.csproj", "{271613A5-C971-41F3-863F-2F0CCEC2CE1E}"
EndProject
Project("{FAE04EC0-301F-11D3-BF4B-00C04F79EFBC}") = "Products.Services", "Products\Products.Services\Products.Services.csproj", "{DD609D57-B9D5-4D9B-9665-3F27B26FEEBB}"
EndProject
Project("{FAE04EC0-301F-11D3-BF4B-00C04F79EFBC}") = "Reports.Commands", "Reports\Reports.Commands\Reports.Commands.csproj", "{577E8D72-FF05-4DD7-8EC1-DDBACB64666B}"
EndProject
Project("{FAE04EC0-301F-11D3-BF4B-00C04F79EFBC}") = "Reports.CommandHandlers", "Reports\Reports.CommandHandlers\Reports.CommandHandlers.csproj", "{7C4C8944-5E33-478A-A12B-86E12913FB28}"
EndProject
Project("{FAE04EC0-301F-11D3-BF4B-00C04F79EFBC}") = "Reports.Queries", "Reports\Reports.Queries\Reports.Queries.csproj", "{C3793F80-34B4-4A42-BAB6-9FC8527BA53E}"
EndProject
Project("{FAE04EC0-301F-11D3-BF4B-00C04F79EFBC}") = "Reports.QueryHandlers", "Reports\Reports.QueryHandlers\Reports.QueryHandlers.csproj", "{AE2DDA63-4AB7-4126-8B1B-5252CD4B192F}"
EndProject
Project("{FAE04EC0-301F-11D3-BF4B-00C04F79EFBC}") = "Reports.Services", "Reports\Reports.Services\Reports.Services.csproj", "{4345E184-18D0-4BBC-8250-8CDC94A21DFC}"
EndProject
Project("{2150E333-8FDC-42A3-9474-1A3956D46DE8}") = "Students", "Students", "{917961CA-DDB8-416F-BEC5-5FA2BA591312}"
EndProject
Project("{FAE04EC0-301F-11D3-BF4B-00C04F79EFBC}") = "Students.Services", "Students\Student.Services\Students.Services.csproj", "{34779953-3466-4BCA-B96B-63438BC0E4F7}"
EndProject
Project("{FAE04EC0-301F-11D3-BF4B-00C04F79EFBC}") = "Students.Commands", "Students\Student.Commands\Students.Commands.csproj", "{0B7AA686-5C38-49EB-AEE4-A8A3BB188BF0}"
EndProject
Project("{FAE04EC0-301F-11D3-BF4B-00C04F79EFBC}") = "Students.CommandHandlers", "Students\Student.CommandHandlers\Students.CommandHandlers.csproj", "{423903B0-47A2-496E-9125-AA223B0104DF}"
EndProject
Project("{FAE04EC0-301F-11D3-BF4B-00C04F79EFBC}") = "Students.Queries", "Students\Student.Queries\Students.Queries.csproj", "{A10EA15C-3A7A-48B1-8120-5D8E280515AE}"
EndProject
Project("{FAE04EC0-301F-11D3-BF4B-00C04F79EFBC}") = "Students.QueryHandlers", "Students\Student.QueryHandlers\Students.QueryHandlers.csproj", "{7A3882E0-5354-4AB0-850F-73A755681AB0}"
EndProject
Global
	GlobalSection(SolutionConfigurationPlatforms) = preSolution
		Debug|Any CPU = Debug|Any CPU
		Release|Any CPU = Release|Any CPU
	EndGlobalSection
	GlobalSection(ProjectConfigurationPlatforms) = postSolution
		{48693AA3-25F7-41A1-8150-C729185A2BD5}.Debug|Any CPU.ActiveCfg = Debug|Any CPU
		{48693AA3-25F7-41A1-8150-C729185A2BD5}.Debug|Any CPU.Build.0 = Debug|Any CPU
		{48693AA3-25F7-41A1-8150-C729185A2BD5}.Release|Any CPU.ActiveCfg = Release|Any CPU
		{48693AA3-25F7-41A1-8150-C729185A2BD5}.Release|Any CPU.Build.0 = Release|Any CPU
		{36A8CBD6-F560-46D5-AC86-0E0164C4ED7A}.Debug|Any CPU.ActiveCfg = Debug|Any CPU
		{36A8CBD6-F560-46D5-AC86-0E0164C4ED7A}.Debug|Any CPU.Build.0 = Debug|Any CPU
		{36A8CBD6-F560-46D5-AC86-0E0164C4ED7A}.Release|Any CPU.ActiveCfg = Release|Any CPU
		{36A8CBD6-F560-46D5-AC86-0E0164C4ED7A}.Release|Any CPU.Build.0 = Release|Any CPU
		{58F2721A-34DE-4686-A38B-E421616AC3D9}.Debug|Any CPU.ActiveCfg = Debug|Any CPU
		{58F2721A-34DE-4686-A38B-E421616AC3D9}.Debug|Any CPU.Build.0 = Debug|Any CPU
		{58F2721A-34DE-4686-A38B-E421616AC3D9}.Release|Any CPU.ActiveCfg = Release|Any CPU
		{58F2721A-34DE-4686-A38B-E421616AC3D9}.Release|Any CPU.Build.0 = Release|Any CPU
		{A12EAD3A-45B7-4CDB-A2B7-21BDBD65CA19}.Debug|Any CPU.ActiveCfg = Debug|Any CPU
		{A12EAD3A-45B7-4CDB-A2B7-21BDBD65CA19}.Debug|Any CPU.Build.0 = Debug|Any CPU
		{A12EAD3A-45B7-4CDB-A2B7-21BDBD65CA19}.Release|Any CPU.ActiveCfg = Release|Any CPU
		{A12EAD3A-45B7-4CDB-A2B7-21BDBD65CA19}.Release|Any CPU.Build.0 = Release|Any CPU
		{914D2676-6F48-4F1F-B02D-A5B535111E7B}.Debug|Any CPU.ActiveCfg = Debug|Any CPU
		{914D2676-6F48-4F1F-B02D-A5B535111E7B}.Debug|Any CPU.Build.0 = Debug|Any CPU
		{914D2676-6F48-4F1F-B02D-A5B535111E7B}.Release|Any CPU.ActiveCfg = Release|Any CPU
		{914D2676-6F48-4F1F-B02D-A5B535111E7B}.Release|Any CPU.Build.0 = Release|Any CPU
		{6C204CDB-7630-40B8-9A3B-89B0EBC9DB5B}.Debug|Any CPU.ActiveCfg = Debug|Any CPU
		{6C204CDB-7630-40B8-9A3B-89B0EBC9DB5B}.Debug|Any CPU.Build.0 = Debug|Any CPU
		{6C204CDB-7630-40B8-9A3B-89B0EBC9DB5B}.Release|Any CPU.ActiveCfg = Release|Any CPU
		{6C204CDB-7630-40B8-9A3B-89B0EBC9DB5B}.Release|Any CPU.Build.0 = Release|Any CPU
		{48919F98-0649-4AB8-B3E3-EBE32E29D252}.Debug|Any CPU.ActiveCfg = Debug|Any CPU
		{48919F98-0649-4AB8-B3E3-EBE32E29D252}.Debug|Any CPU.Build.0 = Debug|Any CPU
		{48919F98-0649-4AB8-B3E3-EBE32E29D252}.Release|Any CPU.ActiveCfg = Release|Any CPU
		{48919F98-0649-4AB8-B3E3-EBE32E29D252}.Release|Any CPU.Build.0 = Release|Any CPU
		{A9DC4697-BB46-4538-AF3F-3F13AFD5DF1C}.Debug|Any CPU.ActiveCfg = Debug|Any CPU
		{A9DC4697-BB46-4538-AF3F-3F13AFD5DF1C}.Debug|Any CPU.Build.0 = Debug|Any CPU
		{A9DC4697-BB46-4538-AF3F-3F13AFD5DF1C}.Release|Any CPU.ActiveCfg = Release|Any CPU
		{A9DC4697-BB46-4538-AF3F-3F13AFD5DF1C}.Release|Any CPU.Build.0 = Release|Any CPU
		{333BAE9B-91E1-4163-B6C3-CD39F45F18B1}.Debug|Any CPU.ActiveCfg = Debug|Any CPU
		{333BAE9B-91E1-4163-B6C3-CD39F45F18B1}.Debug|Any CPU.Build.0 = Debug|Any CPU
		{333BAE9B-91E1-4163-B6C3-CD39F45F18B1}.Release|Any CPU.ActiveCfg = Release|Any CPU
		{333BAE9B-91E1-4163-B6C3-CD39F45F18B1}.Release|Any CPU.Build.0 = Release|Any CPU
		{21E644E6-1572-474B-ABBD-4BE3E7075CEA}.Debug|Any CPU.ActiveCfg = Debug|Any CPU
		{21E644E6-1572-474B-ABBD-4BE3E7075CEA}.Debug|Any CPU.Build.0 = Debug|Any CPU
		{21E644E6-1572-474B-ABBD-4BE3E7075CEA}.Release|Any CPU.ActiveCfg = Release|Any CPU
		{21E644E6-1572-474B-ABBD-4BE3E7075CEA}.Release|Any CPU.Build.0 = Release|Any CPU
		{8F3E3271-0D5E-4E87-8DC5-294DCA837C38}.Debug|Any CPU.ActiveCfg = Debug|Any CPU
		{8F3E3271-0D5E-4E87-8DC5-294DCA837C38}.Debug|Any CPU.Build.0 = Debug|Any CPU
		{8F3E3271-0D5E-4E87-8DC5-294DCA837C38}.Release|Any CPU.ActiveCfg = Release|Any CPU
		{8F3E3271-0D5E-4E87-8DC5-294DCA837C38}.Release|Any CPU.Build.0 = Release|Any CPU
		{271613A5-C971-41F3-863F-2F0CCEC2CE1E}.Debug|Any CPU.ActiveCfg = Debug|Any CPU
		{271613A5-C971-41F3-863F-2F0CCEC2CE1E}.Debug|Any CPU.Build.0 = Debug|Any CPU
		{271613A5-C971-41F3-863F-2F0CCEC2CE1E}.Release|Any CPU.ActiveCfg = Release|Any CPU
		{271613A5-C971-41F3-863F-2F0CCEC2CE1E}.Release|Any CPU.Build.0 = Release|Any CPU
		{DD609D57-B9D5-4D9B-9665-3F27B26FEEBB}.Debug|Any CPU.ActiveCfg = Debug|Any CPU
		{DD609D57-B9D5-4D9B-9665-3F27B26FEEBB}.Debug|Any CPU.Build.0 = Debug|Any CPU
		{DD609D57-B9D5-4D9B-9665-3F27B26FEEBB}.Release|Any CPU.ActiveCfg = Release|Any CPU
		{DD609D57-B9D5-4D9B-9665-3F27B26FEEBB}.Release|Any CPU.Build.0 = Release|Any CPU
		{577E8D72-FF05-4DD7-8EC1-DDBACB64666B}.Debug|Any CPU.ActiveCfg = Debug|Any CPU
		{577E8D72-FF05-4DD7-8EC1-DDBACB64666B}.Debug|Any CPU.Build.0 = Debug|Any CPU
		{577E8D72-FF05-4DD7-8EC1-DDBACB64666B}.Release|Any CPU.ActiveCfg = Release|Any CPU
		{577E8D72-FF05-4DD7-8EC1-DDBACB64666B}.Release|Any CPU.Build.0 = Release|Any CPU
		{7C4C8944-5E33-478A-A12B-86E12913FB28}.Debug|Any CPU.ActiveCfg = Debug|Any CPU
		{7C4C8944-5E33-478A-A12B-86E12913FB28}.Debug|Any CPU.Build.0 = Debug|Any CPU
		{7C4C8944-5E33-478A-A12B-86E12913FB28}.Release|Any CPU.ActiveCfg = Release|Any CPU
		{7C4C8944-5E33-478A-A12B-86E12913FB28}.Release|Any CPU.Build.0 = Release|Any CPU
		{C3793F80-34B4-4A42-BAB6-9FC8527BA53E}.Debug|Any CPU.ActiveCfg = Debug|Any CPU
		{C3793F80-34B4-4A42-BAB6-9FC8527BA53E}.Debug|Any CPU.Build.0 = Debug|Any CPU
		{C3793F80-34B4-4A42-BAB6-9FC8527BA53E}.Release|Any CPU.ActiveCfg = Release|Any CPU
		{C3793F80-34B4-4A42-BAB6-9FC8527BA53E}.Release|Any CPU.Build.0 = Release|Any CPU
		{AE2DDA63-4AB7-4126-8B1B-5252CD4B192F}.Debug|Any CPU.ActiveCfg = Debug|Any CPU
		{AE2DDA63-4AB7-4126-8B1B-5252CD4B192F}.Debug|Any CPU.Build.0 = Debug|Any CPU
		{AE2DDA63-4AB7-4126-8B1B-5252CD4B192F}.Release|Any CPU.ActiveCfg = Release|Any CPU
		{AE2DDA63-4AB7-4126-8B1B-5252CD4B192F}.Release|Any CPU.Build.0 = Release|Any CPU
		{4345E184-18D0-4BBC-8250-8CDC94A21DFC}.Debug|Any CPU.ActiveCfg = Debug|Any CPU
		{4345E184-18D0-4BBC-8250-8CDC94A21DFC}.Debug|Any CPU.Build.0 = Debug|Any CPU
		{4345E184-18D0-4BBC-8250-8CDC94A21DFC}.Release|Any CPU.ActiveCfg = Release|Any CPU
		{4345E184-18D0-4BBC-8250-8CDC94A21DFC}.Release|Any CPU.Build.0 = Release|Any CPU
		{34779953-3466-4BCA-B96B-63438BC0E4F7}.Debug|Any CPU.ActiveCfg = Debug|Any CPU
		{34779953-3466-4BCA-B96B-63438BC0E4F7}.Debug|Any CPU.Build.0 = Debug|Any CPU
		{34779953-3466-4BCA-B96B-63438BC0E4F7}.Release|Any CPU.ActiveCfg = Release|Any CPU
		{34779953-3466-4BCA-B96B-63438BC0E4F7}.Release|Any CPU.Build.0 = Release|Any CPU
		{0B7AA686-5C38-49EB-AEE4-A8A3BB188BF0}.Debug|Any CPU.ActiveCfg = Debug|Any CPU
		{0B7AA686-5C38-49EB-AEE4-A8A3BB188BF0}.Debug|Any CPU.Build.0 = Debug|Any CPU
		{0B7AA686-5C38-49EB-AEE4-A8A3BB188BF0}.Release|Any CPU.ActiveCfg = Release|Any CPU
		{0B7AA686-5C38-49EB-AEE4-A8A3BB188BF0}.Release|Any CPU.Build.0 = Release|Any CPU
		{423903B0-47A2-496E-9125-AA223B0104DF}.Debug|Any CPU.ActiveCfg = Debug|Any CPU
		{423903B0-47A2-496E-9125-AA223B0104DF}.Debug|Any CPU.Build.0 = Debug|Any CPU
		{423903B0-47A2-496E-9125-AA223B0104DF}.Release|Any CPU.ActiveCfg = Release|Any CPU
		{423903B0-47A2-496E-9125-AA223B0104DF}.Release|Any CPU.Build.0 = Release|Any CPU
		{A10EA15C-3A7A-48B1-8120-5D8E280515AE}.Debug|Any CPU.ActiveCfg = Debug|Any CPU
		{A10EA15C-3A7A-48B1-8120-5D8E280515AE}.Debug|Any CPU.Build.0 = Debug|Any CPU
		{A10EA15C-3A7A-48B1-8120-5D8E280515AE}.Release|Any CPU.ActiveCfg = Release|Any CPU
		{A10EA15C-3A7A-48B1-8120-5D8E280515AE}.Release|Any CPU.Build.0 = Release|Any CPU
		{7A3882E0-5354-4AB0-850F-73A755681AB0}.Debug|Any CPU.ActiveCfg = Debug|Any CPU
		{7A3882E0-5354-4AB0-850F-73A755681AB0}.Debug|Any CPU.Build.0 = Debug|Any CPU
		{7A3882E0-5354-4AB0-850F-73A755681AB0}.Release|Any CPU.ActiveCfg = Release|Any CPU
		{7A3882E0-5354-4AB0-850F-73A755681AB0}.Release|Any CPU.Build.0 = Release|Any CPU
	EndGlobalSection
	GlobalSection(SolutionProperties) = preSolution
		HideSolutionNode = FALSE
	EndGlobalSection
	GlobalSection(NestedProjects) = preSolution
		{36A8CBD6-F560-46D5-AC86-0E0164C4ED7A} = {A8C5900B-9C08-438A-BE88-F7679C1AA675}
		{58F2721A-34DE-4686-A38B-E421616AC3D9} = {A8C5900B-9C08-438A-BE88-F7679C1AA675}
		{A12EAD3A-45B7-4CDB-A2B7-21BDBD65CA19} = {A8C5900B-9C08-438A-BE88-F7679C1AA675}
		{914D2676-6F48-4F1F-B02D-A5B535111E7B} = {A8C5900B-9C08-438A-BE88-F7679C1AA675}
		{6C204CDB-7630-40B8-9A3B-89B0EBC9DB5B} = {A8C5900B-9C08-438A-BE88-F7679C1AA675}
		{48919F98-0649-4AB8-B3E3-EBE32E29D252} = {A8C5900B-9C08-438A-BE88-F7679C1AA675}
		{A9DC4697-BB46-4538-AF3F-3F13AFD5DF1C} = {A8C5900B-9C08-438A-BE88-F7679C1AA675}
		{333BAE9B-91E1-4163-B6C3-CD39F45F18B1} = {AA0B455C-FA91-427E-A019-30E44D5DCE00}
		{21E644E6-1572-474B-ABBD-4BE3E7075CEA} = {AA0B455C-FA91-427E-A019-30E44D5DCE00}
		{8F3E3271-0D5E-4E87-8DC5-294DCA837C38} = {AA0B455C-FA91-427E-A019-30E44D5DCE00}
		{271613A5-C971-41F3-863F-2F0CCEC2CE1E} = {AA0B455C-FA91-427E-A019-30E44D5DCE00}
		{DD609D57-B9D5-4D9B-9665-3F27B26FEEBB} = {AA0B455C-FA91-427E-A019-30E44D5DCE00}
		{577E8D72-FF05-4DD7-8EC1-DDBACB64666B} = {6DF5DEDE-42E5-4D5E-A1E0-6C13D11A736F}
		{7C4C8944-5E33-478A-A12B-86E12913FB28} = {6DF5DEDE-42E5-4D5E-A1E0-6C13D11A736F}
		{C3793F80-34B4-4A42-BAB6-9FC8527BA53E} = {6DF5DEDE-42E5-4D5E-A1E0-6C13D11A736F}
		{AE2DDA63-4AB7-4126-8B1B-5252CD4B192F} = {6DF5DEDE-42E5-4D5E-A1E0-6C13D11A736F}
		{4345E184-18D0-4BBC-8250-8CDC94A21DFC} = {6DF5DEDE-42E5-4D5E-A1E0-6C13D11A736F}
		{34779953-3466-4BCA-B96B-63438BC0E4F7} = {917961CA-DDB8-416F-BEC5-5FA2BA591312}
		{0B7AA686-5C38-49EB-AEE4-A8A3BB188BF0} = {917961CA-DDB8-416F-BEC5-5FA2BA591312}
		{423903B0-47A2-496E-9125-AA223B0104DF} = {917961CA-DDB8-416F-BEC5-5FA2BA591312}
		{A10EA15C-3A7A-48B1-8120-5D8E280515AE} = {917961CA-DDB8-416F-BEC5-5FA2BA591312}
		{7A3882E0-5354-4AB0-850F-73A755681AB0} = {917961CA-DDB8-416F-BEC5-5FA2BA591312}
	EndGlobalSection
EndGlobal
